
Microsoft Visual Studio Solution File, Format Version 12.00
# Visual Studio Version 17
VisualStudioVersion = 17.0.31903.59
MinimumVisualStudioVersion = 10.0.40219.1
Project("{2150E333-8FDC-42A3-9474-1A3956D46DE8}") = "src", "src", "{827E0CD3-B72D-47B6-A68D-7590B98EB39B}"
EndProject
Project("{FAE04EC0-301F-11D3-BF4B-00C04F79EFBC}") = "DotnetGlpiAgent.Core", "src\DotnetGlpiAgent.Core\DotnetGlpiAgent.Core.csproj", "{71076093-BB2A-4751-8A55-20921741FC25}"
EndProject
Project("{FAE04EC0-301F-11D3-BF4B-00C04F79EFBC}") = "DotnetGlpiAgent.Windows", "src\DotnetGlpiAgent.Windows\DotnetGlpiAgent.Windows.csproj", "{BD0A39C9-77C7-40F4-8BA6-0DF9345C88E0}"
EndProject
Project("{FAE04EC0-301F-11D3-BF4B-00C04F79EFBC}") = "DotnetGlpiAgent.Protocol", "src\DotnetGlpiAgent.Protocol\DotnetGlpiAgent.Protocol.csproj", "{69ECA80A-66CE-4B9E-8A66-F4BADD10FE6A}"
EndProject
Project("{FAE04EC0-301F-11D3-BF4B-00C04F79EFBC}") = "DotnetGlpiAgent.App", "src\DotnetGlpiAgent.App\DotnetGlpiAgent.App.csproj", "{6FA49171-8C3E-4C6F-89DD-1798138C93AC}"
EndProject
Project("{2150E333-8FDC-42A3-9474-1A3956D46DE8}") = "tests", "tests", "{0AB3BF05-4346-4AA6-1389-037BE0695223}"
EndProject
Project("{FAE04EC0-301F-11D3-BF4B-00C04F79EFBC}") = "DotnetGlpiAgent.Core.Tests", "tests\DotnetGlpiAgent.Core.Tests\DotnetGlpiAgent.Core.Tests.csproj", "{6B9D159E-DD9B-4278-BBC0-41F6B55471FD}"
EndProject
Project("{FAE04EC0-301F-11D3-BF4B-00C04F79EFBC}") = "DotnetGlpiAgent.Windows.Tests", "tests\DotnetGlpiAgent.Windows.Tests\DotnetGlpiAgent.Windows.Tests.csproj", "{66E6B7C4-3383-48D1-A475-0A931E6ED659}"
EndProject
Project("{FAE04EC0-301F-11D3-BF4B-00C04F79EFBC}") = "DotnetGlpiAgent.Protocol.Tests", "tests\DotnetGlpiAgent.Protocol.Tests\DotnetGlpiAgent.Protocol.Tests.csproj", "{F63C4320-22B7-4ADC-9BCD-72ED02E5E495}"
EndProject
Project("{FAE04EC0-301F-11D3-BF4B-00C04F79EFBC}") = "DotnetGlpiAgent.IntegrationTests", "tests\DotnetGlpiAgent.IntegrationTests\DotnetGlpiAgent.IntegrationTests.csproj", "{30A667EC-9FF7-42FB-ABA2-F2F227C59E14}"
EndProject
Global
	GlobalSection(SolutionConfigurationPlatforms) = preSolution
		Debug|Any CPU = Debug|Any CPU
		Debug|x64 = Debug|x64
		Debug|x86 = Debug|x86
		Release|Any CPU = Release|Any CPU
		Release|x64 = Release|x64
		Release|x86 = Release|x86
	EndGlobalSection
	GlobalSection(ProjectConfigurationPlatforms) = postSolution
		{71076093-BB2A-4751-8A55-20921741FC25}.Debug|Any CPU.ActiveCfg = Debug|Any CPU
		{71076093-BB2A-4751-8A55-20921741FC25}.Debug|Any CPU.Build.0 = Debug|Any CPU
		{71076093-BB2A-4751-8A55-20921741FC25}.Debug|x64.ActiveCfg = Debug|Any CPU
		{71076093-BB2A-4751-8A55-20921741FC25}.Debug|x64.Build.0 = Debug|Any CPU
		{71076093-BB2A-4751-8A55-20921741FC25}.Debug|x86.ActiveCfg = Debug|Any CPU
		{71076093-BB2A-4751-8A55-20921741FC25}.Debug|x86.Build.0 = Debug|Any CPU
		{71076093-BB2A-4751-8A55-20921741FC25}.Release|Any CPU.ActiveCfg = Release|Any CPU
		{71076093-BB2A-4751-8A55-20921741FC25}.Release|Any CPU.Build.0 = Release|Any CPU
		{71076093-BB2A-4751-8A55-20921741FC25}.Release|x64.ActiveCfg = Release|Any CPU
		{71076093-BB2A-4751-8A55-20921741FC25}.Release|x64.Build.0 = Release|Any CPU
		{71076093-BB2A-4751-8A55-20921741FC25}.Release|x86.ActiveCfg = Release|Any CPU
		{71076093-BB2A-4751-8A55-20921741FC25}.Release|x86.Build.0 = Release|Any CPU
		{BD0A39C9-77C7-40F4-8BA6-0DF9345C88E0}.Debug|Any CPU.ActiveCfg = Debug|Any CPU
		{BD0A39C9-77C7-40F4-8BA6-0DF9345C88E0}.Debug|Any CPU.Build.0 = Debug|Any CPU
		{BD0A39C9-77C7-40F4-8BA6-0DF9345C88E0}.Debug|x64.ActiveCfg = Debug|Any CPU
		{BD0A39C9-77C7-40F4-8BA6-0DF9345C88E0}.Debug|x64.Build.0 = Debug|Any CPU
		{BD0A39C9-77C7-40F4-8BA6-0DF9345C88E0}.Debug|x86.ActiveCfg = Debug|Any CPU
		{BD0A39C9-77C7-40F4-8BA6-0DF9345C88E0}.Debug|x86.Build.0 = Debug|Any CPU
		{BD0A39C9-77C7-40F4-8BA6-0DF9345C88E0}.Release|Any CPU.ActiveCfg = Release|Any CPU
		{BD0A39C9-77C7-40F4-8BA6-0DF9345C88E0}.Release|Any CPU.Build.0 = Release|Any CPU
		{BD0A39C9-77C7-40F4-8BA6-0DF9345C88E0}.Release|x64.ActiveCfg = Release|Any CPU
		{BD0A39C9-77C7-40F4-8BA6-0DF9345C88E0}.Release|x64.Build.0 = Release|Any CPU
		{BD0A39C9-77C7-40F4-8BA6-0DF9345C88E0}.Release|x86.ActiveCfg = Release|Any CPU
		{BD0A39C9-77C7-40F4-8BA6-0DF9345C88E0}.Release|x86.Build.0 = Release|Any CPU
		{69ECA80A-66CE-4B9E-8A66-F4BADD10FE6A}.Debug|Any CPU.ActiveCfg = Debug|Any CPU
		{69ECA80A-66CE-4B9E-8A66-F4BADD10FE6A}.Debug|Any CPU.Build.0 = Debug|Any CPU
		{69ECA80A-66CE-4B9E-8A66-F4BADD10FE6A}.Debug|x64.ActiveCfg = Debug|Any CPU
		{69ECA80A-66CE-4B9E-8A66-F4BADD10FE6A}.Debug|x64.Build.0 = Debug|Any CPU
		{69ECA80A-66CE-4B9E-8A66-F4BADD10FE6A}.Debug|x86.ActiveCfg = Debug|Any CPU
		{69ECA80A-66CE-4B9E-8A66-F4BADD10FE6A}.Debug|x86.Build.0 = Debug|Any CPU
		{69ECA80A-66CE-4B9E-8A66-F4BADD10FE6A}.Release|Any CPU.ActiveCfg = Release|Any CPU
		{69ECA80A-66CE-4B9E-8A66-F4BADD10FE6A}.Release|Any CPU.Build.0 = Release|Any CPU
		{69ECA80A-66CE-4B9E-8A66-F4BADD10FE6A}.Release|x64.ActiveCfg = Release|Any CPU
		{69ECA80A-66CE-4B9E-8A66-F4BADD10FE6A}.Release|x64.Build.0 = Release|Any CPU
		{69ECA80A-66CE-4B9E-8A66-F4BADD10FE6A}.Release|x86.ActiveCfg = Release|Any CPU
		{69ECA80A-66CE-4B9E-8A66-F4BADD10FE6A}.Release|x86.Build.0 = Release|Any CPU
		{6FA49171-8C3E-4C6F-89DD-1798138C93AC}.Debug|Any CPU.ActiveCfg = Debug|Any CPU
		{6FA49171-8C3E-4C6F-89DD-1798138C93AC}.Debug|Any CPU.Build.0 = Debug|Any CPU
		{6FA49171-8C3E-4C6F-89DD-1798138C93AC}.Debug|x64.ActiveCfg = Debug|Any CPU
		{6FA49171-8C3E-4C6F-89DD-1798138C93AC}.Debug|x64.Build.0 = Debug|Any CPU
		{6FA49171-8C3E-4C6F-89DD-1798138C93AC}.Debug|x86.ActiveCfg = Debug|Any CPU
		{6FA49171-8C3E-4C6F-89DD-1798138C93AC}.Debug|x86.Build.0 = Debug|Any CPU
		{6FA49171-8C3E-4C6F-89DD-1798138C93AC}.Release|Any CPU.ActiveCfg = Release|Any CPU
		{6FA49171-8C3E-4C6F-89DD-1798138C93AC}.Release|Any CPU.Build.0 = Release|Any CPU
		{6FA49171-8C3E-4C6F-89DD-1798138C93AC}.Release|x64.ActiveCfg = Release|Any CPU
		{6FA49171-8C3E-4C6F-89DD-1798138C93AC}.Release|x64.Build.0 = Release|Any CPU
		{6FA49171-8C3E-4C6F-89DD-1798138C93AC}.Release|x86.ActiveCfg = Release|Any CPU
		{6FA49171-8C3E-4C6F-89DD-1798138C93AC}.Release|x86.Build.0 = Release|Any CPU
		{6B9D159E-DD9B-4278-BBC0-41F6B55471FD}.Debug|Any CPU.ActiveCfg = Debug|Any CPU
		{6B9D159E-DD9B-4278-BBC0-41F6B55471FD}.Debug|Any CPU.Build.0 = Debug|Any CPU
		{6B9D159E-DD9B-4278-BBC0-41F6B55471FD}.Debug|x64.ActiveCfg = Debug|Any CPU
		{6B9D159E-DD9B-4278-BBC0-41F6B55471FD}.Debug|x64.Build.0 = Debug|Any CPU
		{6B9D159E-DD9B-4278-BBC0-41F6B55471FD}.Debug|x86.ActiveCfg = Debug|Any CPU
		{6B9D159E-DD9B-4278-BBC0-41F6B55471FD}.Debug|x86.Build.0 = Debug|Any CPU
		{6B9D159E-DD9B-4278-BBC0-41F6B55471FD}.Release|Any CPU.ActiveCfg = Release|Any CPU
		{6B9D159E-DD9B-4278-BBC0-41F6B55471FD}.Release|Any CPU.Build.0 = Release|Any CPU
		{6B9D159E-DD9B-4278-BBC0-41F6B55471FD}.Release|x64.ActiveCfg = Release|Any CPU
		{6B9D159E-DD9B-4278-BBC0-41F6B55471FD}.Release|x64.Build.0 = Release|Any CPU
		{6B9D159E-DD9B-4278-BBC0-41F6B55471FD}.Release|x86.ActiveCfg = Release|Any CPU
		{6B9D159E-DD9B-4278-BBC0-41F6B55471FD}.Release|x86.Build.0 = Release|Any CPU
		{66E6B7C4-3383-48D1-A475-0A931E6ED659}.Debug|Any CPU.ActiveCfg = Debug|Any CPU
		{66E6B7C4-3383-48D1-A475-0A931E6ED659}.Debug|Any CPU.Build.0 = Debug|Any CPU
		{66E6B7C4-3383-48D1-A475-0A931E6ED659}.Debug|x64.ActiveCfg = Debug|Any CPU
		{66E6B7C4-3383-48D1-A475-0A931E6ED659}.Debug|x64.Build.0 = Debug|Any CPU
		{66E6B7C4-3383-48D1-A475-0A931E6ED659}.Debug|x86.ActiveCfg = Debug|Any CPU
		{66E6B7C4-3383-48D1-A475-0A931E6ED659}.Debug|x86.Build.0 = Debug|Any CPU
		{66E6B7C4-3383-48D1-A475-0A931E6ED659}.Release|Any CPU.ActiveCfg = Release|Any CPU
		{66E6B7C4-3383-48D1-A475-0A931E6ED659}.Release|Any CPU.Build.0 = Release|Any CPU
		{66E6B7C4-3383-48D1-A475-0A931E6ED659}.Release|x64.ActiveCfg = Release|Any CPU
		{66E6B7C4-3383-48D1-A475-0A931E6ED659}.Release|x64.Build.0 = Release|Any CPU
		{66E6B7C4-3383-48D1-A475-0A931E6ED659}.Release|x86.ActiveCfg = Release|Any CPU
		{66E6B7C4-3383-48D1-A475-0A931E6ED659}.Release|x86.Build.0 = Release|Any CPU
		{F63C4320-22B7-4ADC-9BCD-72ED02E5E495}.Debug|Any CPU.ActiveCfg = Debug|Any CPU
		{F63C4320-22B7-4ADC-9BCD-72ED02E5E495}.Debug|Any CPU.Build.0 = Debug|Any CPU
		{F63C4320-22B7-4ADC-9BCD-72ED02E5E495}.Debug|x64.ActiveCfg = Debug|Any CPU
		{F63C4320-22B7-4ADC-9BCD-72ED02E5E495}.Debug|x64.Build.0 = Debug|Any CPU
		{F63C4320-22B7-4ADC-9BCD-72ED02E5E495}.Debug|x86.ActiveCfg = Debug|Any CPU
		{F63C4320-22B7-4ADC-9BCD-72ED02E5E495}.Debug|x86.Build.0 = Debug|Any CPU
		{F63C4320-22B7-4ADC-9BCD-72ED02E5E495}.Release|Any CPU.ActiveCfg = Release|Any CPU
		{F63C4320-22B7-4ADC-9BCD-72ED02E5E495}.Release|Any CPU.Build.0 = Release|Any CPU
		{F63C4320-22B7-4ADC-9BCD-72ED02E5E495}.Release|x64.ActiveCfg = Release|Any CPU
		{F63C4320-22B7-4ADC-9BCD-72ED02E5E495}.Release|x64.Build.0 = Release|Any CPU
		{F63C4320-22B7-4ADC-9BCD-72ED02E5E495}.Release|x86.ActiveCfg = Release|Any CPU
		{F63C4320-22B7-4ADC-9BCD-72ED02E5E495}.Release|x86.Build.0 = Release|Any CPU
		{30A667EC-9FF7-42FB-ABA2-F2F227C59E14}.Debug|Any CPU.ActiveCfg = Debug|Any CPU
		{30A667EC-9FF7-42FB-ABA2-F2F227C59E14}.Debug|Any CPU.Build.0 = Debug|Any CPU
		{30A667EC-9FF7-42FB-ABA2-F2F227C59E14}.Debug|x64.ActiveCfg = Debug|Any CPU
		{30A667EC-9FF7-42FB-ABA2-F2F227C59E14}.Debug|x64.Build.0 = Debug|Any CPU
		{30A667EC-9FF7-42FB-ABA2-F2F227C59E14}.Debug|x86.ActiveCfg = Debug|Any CPU
		{30A667EC-9FF7-42FB-ABA2-F2F227C59E14}.Debug|x86.Build.0 = Debug|Any CPU
		{30A667EC-9FF7-42FB-ABA2-F2F227C59E14}.Release|Any CPU.ActiveCfg = Release|Any CPU
		{30A667EC-9FF7-42FB-ABA2-F2F227C59E14}.Release|Any CPU.Build.0 = Release|Any CPU
		{30A667EC-9FF7-42FB-ABA2-F2F227C59E14}.Release|x64.ActiveCfg = Release|Any CPU
		{30A667EC-9FF7-42FB-ABA2-F2F227C59E14}.Release|x64.Build.0 = Release|Any CPU
		{30A667EC-9FF7-42FB-ABA2-F2F227C59E14}.Release|x86.ActiveCfg = Release|Any CPU
		{30A667EC-9FF7-42FB-ABA2-F2F227C59E14}.Release|x86.Build.0 = Release|Any CPU
	EndGlobalSection
	GlobalSection(SolutionProperties) = preSolution
		HideSolutionNode = FALSE
	EndGlobalSection
	GlobalSection(NestedProjects) = preSolution
		{71076093-BB2A-4751-8A55-20921741FC25} = {827E0CD3-B72D-47B6-A68D-7590B98EB39B}
		{BD0A39C9-77C7-40F4-8BA6-0DF9345C88E0} = {827E0CD3-B72D-47B6-A68D-7590B98EB39B}
		{69ECA80A-66CE-4B9E-8A66-F4BADD10FE6A} = {827E0CD3-B72D-47B6-A68D-7590B98EB39B}
		{6FA49171-8C3E-4C6F-89DD-1798138C93AC} = {827E0CD3-B72D-47B6-A68D-7590B98EB39B}
		{6B9D159E-DD9B-4278-BBC0-41F6B55471FD} = {0AB3BF05-4346-4AA6-1389-037BE0695223}
		{66E6B7C4-3383-48D1-A475-0A931E6ED659} = {0AB3BF05-4346-4AA6-1389-037BE0695223}
		{F63C4320-22B7-4ADC-9BCD-72ED02E5E495} = {0AB3BF05-4346-4AA6-1389-037BE0695223}
		{30A667EC-9FF7-42FB-ABA2-F2F227C59E14} = {0AB3BF05-4346-4AA6-1389-037BE0695223}
	EndGlobalSection
EndGlobal
